<?xml version="1.0" encoding="utf-8"?>
<Project ToolsVersion="4.0" xmlns="http://schemas.microsoft.com/developer/msbuild/2003">
  <ItemGroup>
    <ClCompile Include="src\Game.cpp" />
    <ClCompile Include="dev\imgui\imgui.cpp">
      <Filter>dev\imgui</Filter>
    </ClCompile>
    <ClCompile Include="dev\imgui\imgui_demo.cpp">
      <Filter>dev\imgui</Filter>
    </ClCompile>
    <ClCompile Include="dev\imgui\imgui_draw.cpp">
      <Filter>dev\imgui</Filter>
    </ClCompile>
    <ClCompile Include="dev\imgui\imgui_impl_sdl.cpp">
      <Filter>dev\imgui</Filter>
    </ClCompile>
    <ClCompile Include="dev\imgui\imgui_impl_sdlrenderer.cpp">
      <Filter>dev\imgui</Filter>
    </ClCompile>
    <ClCompile Include="dev\imgui\imgui_tables.cpp">
      <Filter>dev\imgui</Filter>
    </ClCompile>
    <ClCompile Include="dev\imgui\imgui_widgets.cpp">
      <Filter>dev\imgui</Filter>
    </ClCompile>
    <ClCompile Include="main.cpp" />
    <ClCompile Include="src\TextureManager.cpp" />
    <ClCompile Include="src\GameObject.cpp" />
    <ClCompile Include="src\Map.cpp" />
    <ClCompile Include="src\Vector2D.cpp" />
    <ClCompile Include="src\Collision.cpp" />
    <ClCompile Include="src\ECS\ECS.cpp" />
    <ClCompile Include="src\AssetManager.cpp" />
  </ItemGroup>
  <ItemGroup>
    <Filter Include="dev">
      <UniqueIdentifier>{1372373d-6f98-4bc2-ab4b-15d886162980}</UniqueIdentifier>
    </Filter>
    <Filter Include="dev\imgui">
      <UniqueIdentifier>{e75a0a31-1cd9-437d-a7cc-231fa9e0f133}</UniqueIdentifier>
    </Filter>
  </ItemGroup>
  <ItemGroup>
    <ClInclude Include="dev\imgui\imconfig.h">
      <Filter>dev\imgui</Filter>
    </ClInclude>
    <ClInclude Include="dev\imgui\imgui.h">
      <Filter>dev\imgui</Filter>
    </ClInclude>
    <ClInclude Include="dev\imgui\imgui_impl_sdl.h">
      <Filter>dev\imgui</Filter>
    </ClInclude>
    <ClInclude Include="dev\imgui\imgui_impl_sdlrenderer.h">
      <Filter>dev\imgui</Filter>
    </ClInclude>
    <ClInclude Include="dev\imgui\imgui_internal.h">
      <Filter>dev\imgui</Filter>
    </ClInclude>
    <ClInclude Include="dev\imgui\imstb_rectpack.h">
      <Filter>dev\imgui</Filter>
    </ClInclude>
    <ClInclude Include="dev\imgui\imstb_textedit.h">
      <Filter>dev\imgui</Filter>
    </ClInclude>
    <ClInclude Include="dev\imgui\imstb_truetype.h">
      <Filter>dev\imgui</Filter>
    </ClInclude>
    <ClInclude Include="src\Game.h" />
    <ClInclude Include="src\TextureManager.h" />
    <ClInclude Include="src\ECS\Components.h" />
    <ClInclude Include="src\ECS\ECS.h" />
    <ClInclude Include="src\GameObject.h" />
    <ClInclude Include="src\Map.h" />
    <ClInclude Include="src\ECS\TransformComponent.h" />
    <ClInclude Include="src\ECS\SpriteComponent.h" />
    <ClInclude Include="src\Vector2D.h" />
    <ClInclude Include="src\ECS\KeyboardController.h" />
    <ClInclude Include="src\ECS\ColliderComponent.h" />
    <ClInclude Include="src\Collision.h" />
    <ClInclude Include="src\ECS\TileComponent.h" />
    <ClInclude Include="src\ECS\Animation.h" />
    <ClInclude Include="src\AssetManager.h" />
    <ClInclude Include="src\ECS\ProjectileComponent.h" />
    <ClInclude Include="src\ECS\UILabel.h" />
    <ClInclude Include="src\Network\TCPClient.h" />
    <ClInclude Include="src\Network\NetworkManager.h" />
  </ItemGroup>
</Project>